{
  "name": "test-folder",
  "lockfileVersion": 2,
  "requires": true,
  "packages": {
    "": {
      "dependencies": {
        "get-value": "^3.0.1"
      }
    },
    "../../../../../usr/local/lib/node_modules/get-value": {
      "version": "3.0.1",
      "extraneous": true,
      "license": "MIT",
      "dependencies": {
        "isobject": "^3.0.1"
      },
      "devDependencies": {
        "arr-reduce": "^1.0.1",
        "benchmarked": "^2.0.0",
        "dot-prop": "^4.2.0",
        "getobject": "^0.1.0",
        "glob": "^7.1.2",
        "gulp-format-md": "^1.0.0",
        "micromatch": "^3.1.5",
        "minimist": "^1.2.0",
        "mocha": "^3.5.3",
        "nyc": "^11.4.1",
        "object-path": "^0.11.4",
        "write": "^1.0.3"
      },
      "engines": {
        "node": ">=6.0"
      }
    },
    "node_modules/get-value": {
      "version": "3.0.1",
      "resolved": "https://registry.npmjs.org/get-value/-/get-value-3.0.1.tgz",
      "integrity": "sha512-mKZj9JLQrwMBtj5wxi6MH8Z5eSKaERpAwjg43dPtlGI1ZVEgH/qC7T8/6R2OBSUA+zzHBZgICsVJaEIV2tKTDA==",
      "dependencies": {
        "isobject": "^3.0.1"
      },
      "engines": {
        "node": ">=6.0"
      }
    },
    "node_modules/isobject": {
      "version": "3.0.1",
      "resolved": "https://registry.npmjs.org/isobject/-/isobject-3.0.1.tgz",
      "integrity": "sha1-TkMekrEalzFjaqH5yNHMvP2reN8=",
      "engines": {
        "node": ">=0.10.0"
      }
    }
  },
  "dependencies": {
    "get-value": {
      "version": "3.0.1",
      "resolved": "https://registry.npmjs.org/get-value/-/get-value-3.0.1.tgz",
      "integrity": "sha512-mKZj9JLQrwMBtj5wxi6MH8Z5eSKaERpAwjg43dPtlGI1ZVEgH/qC7T8/6R2OBSUA+zzHBZgICsVJaEIV2tKTDA==",
      "requires": {
        "isobject": "^3.0.1"
      }
    },
    "isobject": {
      "version": "3.0.1",
      "resolved": "https://registry.npmjs.org/isobject/-/isobject-3.0.1.tgz",
      "integrity": "sha1-TkMekrEalzFjaqH5yNHMvP2reN8="
    }
  }
}
